// !$*UTF8*$!
{
	archiveVersion = 1;
	classes = {
	};
	objectVersion = 77;
	objects = {

/* Begin PBXBuildFile section */
		BE1969042E1AB0C600E492CA /* Assets.xcassets in Resources */ = {isa = PBXBuildFile; fileRef = BE1968FB2E1AB0C600E492CA /* Assets.xcassets */; };
		BE1969062E1AB0C600E492CA /* LaunchScreen.storyboard in Resources */ = {isa = PBXBuildFile; fileRef = BE1968FE2E1AB0C600E492CA /* LaunchScreen.storyboard */; };
		BE1969072E1AB0C600E492CA /* Main.storyboard in Resources */ = {isa = PBXBuildFile; fileRef = BE1969002E1AB0C600E492CA /* Main.storyboard */; };
		BE1969082E1AB0C600E492CA /* AppDelegate.swift in Sources */ = {isa = PBXBuildFile; fileRef = BE1968FA2E1AB0C600E492CA /* AppDelegate.swift */; };
		BE1969092E1AB0C600E492CA /* SceneDelegate.swift in Sources */ = {isa = PBXBuildFile; fileRef = BE1969012E1AB0C600E492CA /* SceneDelegate.swift */; };
		BE19690A2E1AB0C600E492CA /* ViewController.swift in Sources */ = {isa = PBXBuildFile; fileRef = BE1969022E1AB0C600E492CA /* ViewController.swift */; };
		BE1969112E1AB37100E492CA /* CollectionViewCell.xib in Resources */ = {isa = PBXBuildFile; fileRef = BE1969102E1AB37100E492CA /* CollectionViewCell.xib */; };
		BE1969122E1AB37100E492CA /* CollectionViewCell.swift in Sources */ = {isa = PBXBuildFile; fileRef = BE19690F2E1AB37100E492CA /* CollectionViewCell.swift */; };
		BE1969152E1AB65B00E492CA /* CarouselFlowLayout.swift in Sources */ = {isa = PBXBuildFile; fileRef = BE1969142E1AB65A00E492CA /* CarouselFlowLayout.swift */; };
		BE1969172E1ABE2800E492CA /* DemoVideo.mp4 in Resources */ = {isa = PBXBuildFile; fileRef = BE1969162E1ABE2800E492CA /* DemoVideo.mp4 */; };
/* End PBXBuildFile section */

/* Begin PBXFileReference section */
		BE1968E22E1AB0BE00E492CA /* carousel effect with infinite scrolling.app */ = {isa = PBXFileReference; explicitFileType = wrapper.application; includeInIndex = 0; path = "carousel effect with infinite scrolling.app"; sourceTree = BUILT_PRODUCTS_DIR; };
		BE1968FA2E1AB0C600E492CA /* AppDelegate.swift */ = {isa = PBXFileReference; lastKnownFileType = sourcecode.swift; path = AppDelegate.swift; sourceTree = "<group>"; };
		BE1968FB2E1AB0C600E492CA /* Assets.xcassets */ = {isa = PBXFileReference; lastKnownFileType = folder.assetcatalog; path = Assets.xcassets; sourceTree = "<group>"; };
		BE1968FC2E1AB0C600E492CA /* Info.plist */ = {isa = PBXFileReference; lastKnownFileType = text.plist.xml; path = Info.plist; sourceTree = "<group>"; };
		BE1968FD2E1AB0C600E492CA /* Base */ = {isa = PBXFileReference; lastKnownFileType = file.storyboard; name = Base; path = Base.lproj/LaunchScreen.storyboard; sourceTree = "<group>"; };
		BE1968FF2E1AB0C600E492CA /* Base */ = {isa = PBXFileReference; lastKnownFileType = file.storyboard; name = Base; path = Base.lproj/Main.storyboard; sourceTree = "<group>"; };
		BE1969012E1AB0C600E492CA /* SceneDelegate.swift */ = {isa = PBXFileReference; lastKnownFileType = sourcecode.swift; path = SceneDelegate.swift; sourceTree = "<group>"; };
		BE1969022E1AB0C600E492CA /* ViewController.swift */ = {isa = PBXFileReference; lastKnownFileType = sourcecode.swift; path = ViewController.swift; sourceTree = "<group>"; };
		BE19690F2E1AB37100E492CA /* CollectionViewCell.swift */ = {isa = PBXFileReference; lastKnownFileType = sourcecode.swift; path = CollectionViewCell.swift; sourceTree = "<group>"; };
		BE1969102E1AB37100E492CA /* CollectionViewCell.xib */ = {isa = PBXFileReference; lastKnownFileType = file.xib; path = CollectionViewCell.xib; sourceTree = "<group>"; };
		BE1969142E1AB65A00E492CA /* CarouselFlowLayout.swift */ = {isa = PBXFileReference; lastKnownFileType = sourcecode.swift; path = CarouselFlowLayout.swift; sourceTree = "<group>"; };
		BE1969162E1ABE2800E492CA /* DemoVideo.mp4 */ = {isa = PBXFileReference; lastKnownFileType = file; path = DemoVideo.mp4; sourceTree = "<group>"; };
/* End PBXFileReference section */

/* Begin PBXFrameworksBuildPhase section */
		BE1968DF2E1AB0BE00E492CA /* Frameworks */ = {
			isa = PBXFrameworksBuildPhase;
			buildActionMask = 2147483647;
			files = (
			);
			runOnlyForDeploymentPostprocessing = 0;
		};
/* End PBXFrameworksBuildPhase section */

/* Begin PBXGroup section */
		BE1968D92E1AB0BE00E492CA = {
			isa = PBXGroup;
			children = (
				BE1969032E1AB0C600E492CA /* carousel effect with infinite scrolling */,
				BE1968E32E1AB0BE00E492CA /* Products */,
			);
			sourceTree = "<group>";
		};
		BE1968E32E1AB0BE00E492CA /* Products */ = {
			isa = PBXGroup;
			children = (
				BE1968E22E1AB0BE00E492CA /* carousel effect with infinite scrolling.app */,
			);
			name = Products;
			sourceTree = "<group>";
		};
		BE1969032E1AB0C600E492CA /* carousel effect with infinite scrolling */ = {
			isa = PBXGroup;
			children = (
				BE1969132E1AB65400E492CA /* Extention */,
				BE19690B2E1AB0C800E492CA /* System */,
				BE19690C2E1AB0D600E492CA /* View */,
				BE19690D2E1AB0DF00E492CA /* Controller */,
				BE1968FB2E1AB0C600E492CA /* Assets.xcassets */,
				BE1968FC2E1AB0C600E492CA /* Info.plist */,
				BE1968FE2E1AB0C600E492CA /* LaunchScreen.storyboard */,
				BE1969162E1ABE2800E492CA /* DemoVideo.mp4 */,
			);
			path = "carousel effect with infinite scrolling";
			sourceTree = "<group>";
		};
		BE19690B2E1AB0C800E492CA /* System */ = {
			isa = PBXGroup;
			children = (
				BE1968FA2E1AB0C600E492CA /* AppDelegate.swift */,
				BE1969012E1AB0C600E492CA /* SceneDelegate.swift */,
			);
			path = System;
			sourceTree = "<group>";
		};
		BE19690C2E1AB0D600E492CA /* View */ = {
			isa = PBXGroup;
			children = (
				BE19690E2E1AB35600E492CA /* CVcell */,
				BE1969002E1AB0C600E492CA /* Main.storyboard */,
			);
			path = View;
			sourceTree = "<group>";
		};
		BE19690D2E1AB0DF00E492CA /* Controller */ = {
			isa = PBXGroup;
			children = (
				BE1969022E1AB0C600E492CA /* ViewController.swift */,
			);
			path = Controller;
			sourceTree = "<group>";
		};
		BE19690E2E1AB35600E492CA /* CVcell */ = {
			isa = PBXGroup;
			children = (
				BE19690F2E1AB37100E492CA /* CollectionViewCell.swift */,
				BE1969102E1AB37100E492CA /* CollectionViewCell.xib */,
			);
			path = CVcell;
			sourceTree = "<group>";
		};
		BE1969132E1AB65400E492CA /* Extention */ = {
			isa = PBXGroup;
			children = (
				BE1969142E1AB65A00E492CA /* CarouselFlowLayout.swift */,
			);
			path = Extention;
			sourceTree = "<group>";
		};
/* End PBXGroup section */

/* Begin PBXNativeTarget section */
		BE1968E12E1AB0BE00E492CA /* carousel effect with infinite scrolling */ = {
			isa = PBXNativeTarget;
			buildConfigurationList = BE1968F52E1AB0BF00E492CA /* Build configuration list for PBXNativeTarget "carousel effect with infinite scrolling" */;
			buildPhases = (
				BE1968DE2E1AB0BE00E492CA /* Sources */,
				BE1968DF2E1AB0BE00E492CA /* Frameworks */,
				BE1968E02E1AB0BE00E492CA /* Resources */,
			);
			buildRules = (
			);
			dependencies = (
			);
			name = "carousel effect with infinite scrolling";
			packageProductDependencies = (
			);
			productName = "carousel effect with infinite scrolling";
			productReference = BE1968E22E1AB0BE00E492CA /* carousel effect with infinite scrolling.app */;
			productType = "com.apple.product-type.application";
		};
/* End PBXNativeTarget section */

/* Begin PBXProject section */
		BE1968DA2E1AB0BE00E492CA /* Project object */ = {
			isa = PBXProject;
			attributes = {
				BuildIndependentTargetsInParallel = 1;
				LastSwiftUpdateCheck = 1610;
				LastUpgradeCheck = 1610;
				TargetAttributes = {
					BE1968E12E1AB0BE00E492CA = {
						CreatedOnToolsVersion = 16.1;
					};
				};
			};
			buildConfigurationList = BE1968DD2E1AB0BE00E492CA /* Build configuration list for PBXProject "carousel effect with infinite scrolling" */;
			developmentRegion = en;
			hasScannedForEncodings = 0;
			knownRegions = (
				en,
				Base,
			);
			mainGroup = BE1968D92E1AB0BE00E492CA;
			minimizedProjectReferenceProxies = 1;
			preferredProjectObjectVersion = 77;
			productRefGroup = BE1968E32E1AB0BE00E492CA /* Products */;
			projectDirPath = "";
			projectRoot = "";
			targets = (
				BE1968E12E1AB0BE00E492CA /* carousel effect with infinite scrolling */,
			);
		};
/* End PBXProject section */

/* Begin PBXResourcesBuildPhase section */
		BE1968E02E1AB0BE00E492CA /* Resources */ = {
			isa = PBXResourcesBuildPhase;
			buildActionMask = 2147483647;
			files = (
				BE1969042E1AB0C600E492CA /* Assets.xcassets in Resources */,
				BE1969062E1AB0C600E492CA /* LaunchScreen.storyboard in Resources */,
				BE1969112E1AB37100E492CA /* CollectionViewCell.xib in Resources */,
				BE1969172E1ABE2800E492CA /* DemoVideo.mp4 in Resources */,
				BE1969072E1AB0C600E492CA /* Main.storyboard in Resources */,
			);
			runOnlyForDeploymentPostprocessing = 0;
		};
/* End PBXResourcesBuildPhase section */

/* Begin PBXSourcesBuildPhase section */
		BE1968DE2E1AB0BE00E492CA /* Sources */ = {
			isa = PBXSourcesBuildPhase;
			buildActionMask = 2147483647;
			files = (
				BE1969082E1AB0C600E492CA /* AppDelegate.swift in Sources */,
				BE1969092E1AB0C600E492CA /* SceneDelegate.swift in Sources */,
				BE1969152E1AB65B00E492CA /* CarouselFlowLayout.swift in Sources */,
				BE1969122E1AB37100E492CA /* CollectionViewCell.swift in Sources */,
				BE19690A2E1AB0C600E492CA /* ViewController.swift in Sources */,
			);
			runOnlyForDeploymentPostprocessing = 0;
		};
/* End PBXSourcesBuildPhase section */

/* Begin PBXVariantGroup section */
		BE1968FE2E1AB0C600E492CA /* LaunchScreen.storyboard */ = {
			isa = PBXVariantGroup;
			children = (
				BE1968FD2E1AB0C600E492CA /* Base */,
			);
			name = LaunchScreen.storyboard;
			sourceTree = "<group>";
		};
		BE1969002E1AB0C600E492CA /* Main.storyboard */ = {
			isa = PBXVariantGroup;
			children = (
				BE1968FF2E1AB0C600E492CA /* Base */,
			);
			name = Main.storyboard;
			sourceTree = "<group>";
		};
/* End PBXVariantGroup section */

/* Begin XCBuildConfiguration section */
		BE1968F62E1AB0BF00E492CA /* Debug */ = {
			isa = XCBuildConfiguration;
			buildSettings = {
				ASSETCATALOG_COMPILER_APPICON_NAME = AppIcon;
				ASSETCATALOG_COMPILER_GLOBAL_ACCENT_COLOR_NAME = AccentColor;
				CODE_SIGN_STYLE = Automatic;
				CURRENT_PROJECT_VERSION = 1;
				GENERATE_INFOPLIST_FILE = YES;
				INFOPLIST_FILE = "carousel effect with infinite scrolling/Info.plist";
				INFOPLIST_KEY_UIApplicationSupportsIndirectInputEvents = YES;
				INFOPLIST_KEY_UILaunchStoryboardName = LaunchScreen;
				INFOPLIST_KEY_UIMainStoryboardFile = Main;
				INFOPLIST_KEY_UISupportedInterfaceOrientations_iPad = "UIInterfaceOrientationPortrait UIInterfaceOrientationPortraitUpsideDown UIInterfaceOrientationLandscapeLeft UIInterfaceOrientationLandscapeRight";
				INFOPLIST_KEY_UISupportedInterfaceOrientations_iPhone = "UIInterfaceOrientationPortrait UIInterfaceOrientationLandscapeLeft UIInterfaceOrientationLandscapeRight";
				LD_RUNPATH_SEARCH_PATHS = (
					"$(inherited)",
					"@executable_path/Frameworks",
				);
				MARKETING_VERSION = 1.0;
				PRODUCT_BUNDLE_IDENTIFIER = "thirdcode.carousel-effect-with-infinite-scrolling";
				PRODUCT_NAME = "$(TARGET_NAME)";
				SWIFT_EMIT_LOC_STRINGS = YES;
				SWIFT_VERSION = 5.0;
				TARGETED_DEVICE_FAMILY = "1,2";
			};
			name = Debug;
		};
		BE1968F72E1AB0BF00E492CA /* Release */ = {
			isa = XCBuildConfiguration;
			buildSettings = {
				ASSETCATALOG_COMPILER_APPICON_NAME = AppIcon;
				ASSETCATALOG_COMPILER_GLOBAL_ACCENT_COLOR_NAME = AccentColor;
				CODE_SIGN_STYLE = Automatic;
				CURRENT_PROJECT_VERSION = 1;
				GENERATE_INFOPLIST_FILE = YES;
				INFOPLIST_FILE = "carousel effect with infinite scrolling/Info.plist";
				INFOPLIST_KEY_UIApplicationSupportsIndirectInputEvents = YES;
				INFOPLIST_KEY_UILaunchStoryboardName = LaunchScreen;
				INFOPLIST_KEY_UIMainStoryboardFile = Main;
				INFOPLIST_KEY_UISupportedInterfaceOrientations_iPad = "UIInterfaceOrientationPortrait UIInterfaceOrientationPortraitUpsideDown UIInterfaceOrientationLandscapeLeft UIInterfaceOrientationLandscapeRight";
				INFOPLIST_KEY_UISupportedInterfaceOrientations_iPhone = "UIInterfaceOrientationPortrait UIInterfaceOrientationLandscapeLeft UIInterfaceOrientationLandscapeRight";
				LD_RUNPATH_SEARCH_PATHS = (
					"$(inherited)",
					"@executable_path/Frameworks",
				);
				MARKETING_VERSION = 1.0;
				PRODUCT_BUNDLE_IDENTIFIER = "thirdcode.carousel-effect-with-infinite-scrolling";
				PRODUCT_NAME = "$(TARGET_NAME)";
				SWIFT_EMIT_LOC_STRINGS = YES;
				SWIFT_VERSION = 5.0;
				TARGETED_DEVICE_FAMILY = "1,2";
			};
			name = Release;
		};
		BE1968F82E1AB0BF00E492CA /* Debug */ = {
			isa = XCBuildConfiguration;
			buildSettings = {
				ALWAYS_SEARCH_USER_PATHS = NO;
				ASSETCATALOG_COMPILER_GENERATE_SWIFT_ASSET_SYMBOL_EXTENSIONS = YES;
				CLANG_ANALYZER_NONNULL = YES;
				CLANG_ANALYZER_NUMBER_OBJECT_CONVERSION = YES_AGGRESSIVE;
				CLANG_CXX_LANGUAGE_STANDARD = "gnu++20";
				CLANG_ENABLE_MODULES = YES;
				CLANG_ENABLE_OBJC_ARC = YES;
				CLANG_ENABLE_OBJC_WEAK = YES;
				CLANG_WARN_BLOCK_CAPTURE_AUTORELEASING = YES;
				CLANG_WARN_BOOL_CONVERSION = YES;
				CLANG_WARN_COMMA = YES;
				CLANG_WARN_CONSTANT_CONVERSION = YES;
				CLANG_WARN_DEPRECATED_OBJC_IMPLEMENTATIONS = YES;
				CLANG_WARN_DIRECT_OBJC_ISA_USAGE = YES_ERROR;
				CLANG_WARN_DOCUMENTATION_COMMENTS = YES;
				CLANG_WARN_EMPTY_BODY = YES;
				CLANG_WARN_ENUM_CONVERSION = YES;
				CLANG_WARN_INFINITE_RECURSION = YES;
				CLANG_WARN_INT_CONVERSION = YES;
				CLANG_WARN_NON_LITERAL_NULL_CONVERSION = YES;
				CLANG_WARN_OBJC_IMPLICIT_RETAIN_SELF = YES;
				CLANG_WARN_OBJC_LITERAL_CONVERSION = YES;
				CLANG_WARN_OBJC_ROOT_CLASS = YES_ERROR;
				CLANG_WARN_QUOTED_INCLUDE_IN_FRAMEWORK_HEADER = YES;
				CLANG_WARN_RANGE_LOOP_ANALYSIS = YES;
				CLANG_WARN_STRICT_PROTOTYPES = YES;
				CLANG_WARN_SUSPICIOUS_MOVE = YES;
				CLANG_WARN_UNGUARDED_AVAILABILITY = YES_AGGRESSIVE;
				CLANG_WARN_UNREACHABLE_CODE = YES;
				CLANG_WARN__DUPLICATE_METHOD_MATCH = YES;
				COPY_PHASE_STRIP = NO;
				DEBUG_INFORMATION_FORMAT = dwarf;
				ENABLE_STRICT_OBJC_MSGSEND = YES;
				ENABLE_TESTABILITY = YES;
				ENABLE_USER_SCRIPT_SANDBOXING = YES;
				GCC_C_LANGUAGE_STANDARD = gnu17;
				GCC_DYNAMIC_NO_PIC = NO;
				GCC_NO_COMMON_BLOCKS = YES;
				GCC_OPTIMIZATION_LEVEL = 0;
				GCC_PREPROCESSOR_DEFINITIONS = (
					"DEBUG=1",
					"$(inherited)",
				);
				GCC_WARN_64_TO_32_BIT_CONVERSION = YES;
				GCC_WARN_ABOUT_RETURN_TYPE = YES_ERROR;
				GCC_WARN_UNDECLARED_SELECTOR = YES;
				GCC_WARN_UNINITIALIZED_AUTOS = YES_AGGRESSIVE;
				GCC_WARN_UNUSED_FUNCTION = YES;
				GCC_WARN_UNUSED_VARIABLE = YES;
				IPHONEOS_DEPLOYMENT_TARGET = 18.1;
				LOCALIZATION_PREFERS_STRING_CATALOGS = YES;
				MTL_ENABLE_DEBUG_INFO = INCLUDE_SOURCE;
				MTL_FAST_MATH = YES;
				ONLY_ACTIVE_ARCH = YES;
				SDKROOT = iphoneos;
				SWIFT_ACTIVE_COMPILATION_CONDITIONS = "DEBUG $(inherited)";
				SWIFT_OPTIMIZATION_LEVEL = "-Onone";
			};
			name = Debug;
		};
		BE1968F92E1AB0BF00E492CA /* Release */ = {
			isa = XCBuildConfiguration;
			buildSettings = {
				ALWAYS_SEARCH_USER_PATHS = NO;
				ASSETCATALOG_COMPILER_GENERATE_SWIFT_ASSET_SYMBOL_EXTENSIONS = YES;
				CLANG_ANALYZER_NONNULL = YES;
				CLANG_ANALYZER_NUMBER_OBJECT_CONVERSION = YES_AGGRESSIVE;
				CLANG_CXX_LANGUAGE_STANDARD = "gnu++20";
				CLANG_ENABLE_MODULES = YES;
				CLANG_ENABLE_OBJC_ARC = YES;
				CLANG_ENABLE_OBJC_WEAK = YES;
				CLANG_WARN_BLOCK_CAPTURE_AUTORELEASING = YES;
				CLANG_WARN_BOOL_CONVERSION = YES;
				CLANG_WARN_COMMA = YES;
				CLANG_WARN_CONSTANT_CONVERSION = YES;
				CLANG_WARN_DEPRECATED_OBJC_IMPLEMENTATIONS = YES;
				CLANG_WARN_DIRECT_OBJC_ISA_USAGE = YES_ERROR;
				CLANG_WARN_DOCUMENTATION_COMMENTS = YES;
				CLANG_WARN_EMPTY_BODY = YES;
				CLANG_WARN_ENUM_CONVERSION = YES;
				CLANG_WARN_INFINITE_RECURSION = YES;
				CLANG_WARN_INT_CONVERSION = YES;
				CLANG_WARN_NON_LITERAL_NULL_CONVERSION = YES;
				CLANG_WARN_OBJC_IMPLICIT_RETAIN_SELF = YES;
				CLANG_WARN_OBJC_LITERAL_CONVERSION = YES;
				CLANG_WARN_OBJC_ROOT_CLASS = YES_ERROR;
				CLANG_WARN_QUOTED_INCLUDE_IN_FRAMEWORK_HEADER = YES;
				CLANG_WARN_RANGE_LOOP_ANALYSIS = YES;
				CLANG_WARN_STRICT_PROTOTYPES = YES;
				CLANG_WARN_SUSPICIOUS_MOVE = YES;
				CLANG_WARN_UNGUARDED_AVAILABILITY = YES_AGGRESSIVE;
				CLANG_WARN_UNREACHABLE_CODE = YES;
				CLANG_WARN__DUPLICATE_METHOD_MATCH = YES;
				COPY_PHASE_STRIP = NO;
				DEBUG_INFORMATION_FORMAT = "dwarf-with-dsym";
				ENABLE_NS_ASSERTIONS = NO;
				ENABLE_STRICT_OBJC_MSGSEND = YES;
				ENABLE_USER_SCRIPT_SANDBOXING = YES;
				GCC_C_LANGUAGE_STANDARD = gnu17;
				GCC_NO_COMMON_BLOCKS = YES;
				GCC_WARN_64_TO_32_BIT_CONVERSION = YES;
				GCC_WARN_ABOUT_RETURN_TYPE = YES_ERROR;
				GCC_WARN_UNDECLARED_SELECTOR = YES;
				GCC_WARN_UNINITIALIZED_AUTOS = YES_AGGRESSIVE;
				GCC_WARN_UNUSED_FUNCTION = YES;
				GCC_WARN_UNUSED_VARIABLE = YES;
				IPHONEOS_DEPLOYMENT_TARGET = 18.1;
				LOCALIZATION_PREFERS_STRING_CATALOGS = YES;
				MTL_ENABLE_DEBUG_INFO = NO;
				MTL_FAST_MATH = YES;
				SDKROOT = iphoneos;
				SWIFT_COMPILATION_MODE = wholemodule;
				VALIDATE_PRODUCT = YES;
			};
			name = Release;
		};
/* End XCBuildConfiguration section */

/* Begin XCConfigurationList section */
		BE1968DD2E1AB0BE00E492CA /* Build configuration list for PBXProject "carousel effect with infinite scrolling" */ = {
			isa = XCConfigurationList;
			buildConfigurations = (
				BE1968F82E1AB0BF00E492CA /* Debug */,
				BE1968F92E1AB0BF00E492CA /* Release */,
			);
			defaultConfigurationIsVisible = 0;
			defaultConfigurationName = Release;
		};
		BE1968F52E1AB0BF00E492CA /* Build configuration list for PBXNativeTarget "carousel effect with infinite scrolling" */ = {
			isa = XCConfigurationList;
			buildConfigurations = (
				BE1968F62E1AB0BF00E492CA /* Debug */,
				BE1968F72E1AB0BF00E492CA /* Release */,
			);
			defaultConfigurationIsVisible = 0;
			defaultConfigurationName = Release;
		};
/* End XCConfigurationList section */
	};
	rootObject = BE1968DA2E1AB0BE00E492CA /* Project object */;
}
